
Microsoft Visual Studio Solution File, Format Version 12.00
# Visual Studio Version 16
VisualStudioVersion = 16.0.30002.166
MinimumVisualStudioVersion = 10.0.40219.1
Project("{8BC9CEB8-8B4A-11D0-8D11-00A0C91BC942}") = "DM", "DM\DM.vcxproj", "{B3A12B0A-90CC-4A22-B3D5-E2A3206954FD}"
EndProject
Global
	GlobalSection(SolutionConfigurationPlatforms) = preSolution
		Debug|x64 = Debug|x64
		Debug|x86 = Debug|x86
		Release|x64 = Release|x64
		Release|x86 = Release|x86
	EndGlobalSection
	GlobalSection(ProjectConfigurationPlatforms) = postSolution
		{B3A12B0A-90CC-4A22-B3D5-E2A3206954FD}.Debug|x64.ActiveCfg = Debug|x64
		{B3A12B0A-90CC-4A22-B3D5-E2A3206954FD}.Debug|x64.Build.0 = Debug|x64
		{B3A12B0A-90CC-4A22-B3D5-E2A3206954FD}.Debug|x86.ActiveCfg = Debug|Win32
		{B3A12B0A-90CC-4A22-B3D5-E2A3206954FD}.Debug|x86.Build.0 = Debug|Win32
		{B3A12B0A-90CC-4A22-B3D5-E2A3206954FD}.Release|x64.ActiveCfg = Release|x64
		{B3A12B0A-90CC-4A22-B3D5-E2A3206954FD}.Release|x64.Build.0 = Release|x64
		{B3A12B0A-90CC-4A22-B3D5-E2A3206954FD}.Release|x86.ActiveCfg = Release|Win32
		{B3A12B0A-90CC-4A22-B3D5-E2A3206954FD}.Release|x86.Build.0 = Release|Win32
	EndGlobalSection
	GlobalSection(SolutionProperties) = preSolution
		HideSolutionNode = FALSE
	EndGlobalSection
	GlobalSection(ExtensibilityGlobals) = postSolution
		SolutionGuid = {C3198C4E-9E1F-444A-8BD6-F9E8B968596C}
	EndGlobalSection
EndGlobal
